PODS:
  - Differentiator (3.1.0)
  - iOSSnapshotTestCase (6.0.3):
    - iOSSnapshotTestCase/SwiftSupport (= 6.0.3)
  - iOSSnapshotTestCase/Core (6.0.3)
  - iOSSnapshotTestCase/SwiftSupport (6.0.3):
    - iOSSnapshotTestCase/Core
  - KMPlaceholderTextView (1.4.0)
  - Nimble (8.0.1)
  - Nimble-Snapshots (7.0.0):
    - Nimble-Snapshots/Core (= 7.0.0)
  - Nimble-Snapshots/Core (7.0.0):
    - iOSSnapshotTestCase (~> 6.0)
    - Nimble (~> 8.0)
  - Quick (2.1.0)
  - Realm (3.13.1):
    - Realm/Headers (= 3.13.1)
  - Realm/Headers (3.13.1)
  - RealmSwift (3.13.1):
    - Realm (= 3.13.1)
  - RxAtomic (4.4.1)
  - RxBlocking (4.4.1):
    - RxAtomic (~> 4.4)
    - RxSwift (~> 4.0)
  - RxCocoa (4.4.1):
    - RxSwift (~> 4.0)
  - RxDataSources (3.1.0):
    - Differentiator (~> 3.0)
    - RxCocoa (~> 4.0)
    - RxSwift (~> 4.0)
  - RxOptional (3.6.2):
    - RxCocoa (~> 4.0)
    - RxSwift (~> 4.0)
  - RxRealm (0.7.6):
    - RealmSwift (~> 3.0)
    - RxSwift (~> 4.0)
  - RxSwift (4.4.1):
    - RxAtomic (~> 4.4)
  - RxSwiftExt (3.4.0):
    - RxSwiftExt/Core (= 3.4.0)
    - RxSwiftExt/RxCocoa (= 3.4.0)
  - RxSwiftExt/Core (3.4.0):
    - RxSwift (~> 4.0)
  - RxSwiftExt/RxCocoa (3.4.0):
    - RxCocoa (~> 4.0)
    - RxSwiftExt/Core
  - RxTest (4.4.1):
    - RxAtomic (~> 4.4)
    - RxSwift (~> 4.0)
  - SwiftDate (5.1.0)
  - SwiftGen (6.1.0)
  - SwiftLint (0.30.1)

DEPENDENCIES:
  - KMPlaceholderTextView
  - Nimble
  - Nimble-Snapshots
  - Quick
  - RealmSwift
  - RxBlocking
  - RxCocoa
  - RxDataSources
  - RxOptional
  - RxRealm
  - RxSwift
  - RxSwiftExt
  - RxTest
  - SwiftDate
  - SwiftGen
  - SwiftLint

SPEC REPOS:
  https://github.com/cocoapods/specs.git:
    - Differentiator
    - iOSSnapshotTestCase
    - KMPlaceholderTextView
    - Nimble
    - Nimble-Snapshots
    - Quick
    - Realm
    - RealmSwift
    - RxAtomic
    - RxBlocking
    - RxCocoa
    - RxDataSources
    - RxOptional
    - RxRealm
    - RxSwift
    - RxSwiftExt
    - RxTest
    - SwiftDate
    - SwiftGen
    - SwiftLint

SPEC CHECKSUMS:
  Differentiator: be49ca3408f0ecfc761e4c7763d20c62be01b9ad
  iOSSnapshotTestCase: 944a73f6d9676302811a86c0cf35f0e6ef5ab2a0
  KMPlaceholderTextView: 2206c3df39979e9396e2d96fa9f427a8951121b0
  Nimble: 45f786ae66faa9a709624227fae502db55a8bdd0
  Nimble-Snapshots: 2d6d712ceb2d1850d88f850fbd7c732618106022
  Quick: 4be43f6634acfa727dd106bdf3929ce125ffa79d
  Realm: 50071da38fe079e0735e47c9f2eae738c68c5996
  RealmSwift: 8a1e6a02b7a08cd17a31e3115143fb69fe5f3fb9
  RxAtomic: f8d6adc1ccb87a767811269e4875887bc74dbf19
  RxBlocking: 5508e90d36ca2304632dc9378ece4e9b5d4bf656
  RxCocoa: 2f35a76bf8887872e28a1914112395b11b8e0e64
  RxDataSources: a843bad90c29817f5923ec8163f4af2de084ceb3
  RxOptional: 80426a0ddbd092573e4c482d8cc13302078c4d5e
  RxRealm: 5379eddd74f8d617ca7681d1f8d144af25b432b0
  RxSwift: 92fcf68dfef21f3e2ab1965363d9e7b3d787597e
  RxSwiftExt: 01f8ecbeeb355698e9c75365ebe908b00dacf45d
  RxTest: f8e548755ca3c7502dc41c7d3b28802c90115a38
  SwiftDate: 6329e58969a2de31cea7f1ee1143b247693196e7
  SwiftGen: f872ca75cbd17bf7103c17f13dcfa0d9a15667b0
  SwiftLint: a54bf1fe12b55c68560eb2a7689dfc81458508f7

PODFILE CHECKSUM: 0d28ba34e8e4da1de36779364b89065a4c0cf923

COCOAPODS: 1.6.0.beta.2
